
Microsoft Visual Studio Solution File, Format Version 12.00
# Visual Studio Version 17
VisualStudioVersion = 17.6.33829.357
MinimumVisualStudioVersion = 10.0.40219.1
Project("{FAE04EC0-301F-11D3-BF4B-00C04F79EFBC}") = "toplanches", "toplanches\toplanches.csproj", "{60AA1879-FE40-4E2B-BCE6-0C15783C637D}"
EndProject
Global
	GlobalSection(SolutionConfigurationPlatforms) = preSolution
		Debug|Any CPU = Debug|Any CPU
		Release|Any CPU = Release|Any CPU
	EndGlobalSection
	GlobalSection(ProjectConfigurationPlatforms) = postSolution
		{60AA1879-FE40-4E2B-BCE6-0C15783C637D}.Debug|Any CPU.ActiveCfg = Debug|Any CPU
		{60AA1879-FE40-4E2B-BCE6-0C15783C637D}.Debug|Any CPU.Build.0 = Debug|Any CPU
		{60AA1879-FE40-4E2B-BCE6-0C15783C637D}.Release|Any CPU.ActiveCfg = Release|Any CPU
		{60AA1879-FE40-4E2B-BCE6-0C15783C637D}.Release|Any CPU.Build.0 = Release|Any CPU
	EndGlobalSection
	GlobalSection(SolutionProperties) = preSolution
		HideSolutionNode = FALSE
	EndGlobalSection
	GlobalSection(ExtensibilityGlobals) = postSolution
		SolutionGuid = {E4AB87FC-F781-425A-8F97-F809FF96602A}
	EndGlobalSection
EndGlobal
